
Microsoft Visual Studio Solution File, Format Version 12.00
# Visual Studio Version 17
VisualStudioVersion = 17.4.33205.214
MinimumVisualStudioVersion = 10.0.40219.1
Project("{9A19103F-16F7-4668-BE54-9A1E7A4F7556}") = "TiendaServicios.Api.Autor", "TiendaServicios.Api.Autor\TiendaServicios.Api.Autor.csproj", "{3E0A75CB-C300-4DC4-83AD-8DFC1D272461}"
EndProject
Project("{9A19103F-16F7-4668-BE54-9A1E7A4F7556}") = "TiendaServicios.Api.Libro", "TiendaServicios.Api.Libro\TiendaServicios.Api.Libro.csproj", "{E27B0BB1-0DC9-4741-8EFA-6E35F070F374}"
EndProject
Project("{9A19103F-16F7-4668-BE54-9A1E7A4F7556}") = "TiendaServicios.Api.Librerias", "TiendaServicios.Api.Librerias\TiendaServicios.Api.Librerias.csproj", "{E0505ECD-BFE1-4A14-BD79-CB1E7DC06850}"
EndProject
Project("{9A19103F-16F7-4668-BE54-9A1E7A4F7556}") = "TiendaServicio.CarritodeCompra", "TiendaServicio.CarritodeCompra\TiendaServicio.CarritodeCompra.csproj", "{3221CE55-B321-4AC6-88F2-5778CD9C5C71}"
EndProject
Project("{FAE04EC0-301F-11D3-BF4B-00C04F79EFBC}") = "TiendaServicios.usuario", "TiendaServicios.usuario\TiendaServicios.usuario.csproj", "{6CAE0A09-12C2-450E-8418-0E921451BAA6}"
EndProject
Global
	GlobalSection(SolutionConfigurationPlatforms) = preSolution
		Debug|Any CPU = Debug|Any CPU
		Release|Any CPU = Release|Any CPU
	EndGlobalSection
	GlobalSection(ProjectConfigurationPlatforms) = postSolution
		{3E0A75CB-C300-4DC4-83AD-8DFC1D272461}.Debug|Any CPU.ActiveCfg = Debug|Any CPU
		{3E0A75CB-C300-4DC4-83AD-8DFC1D272461}.Debug|Any CPU.Build.0 = Debug|Any CPU
		{3E0A75CB-C300-4DC4-83AD-8DFC1D272461}.Release|Any CPU.ActiveCfg = Release|Any CPU
		{3E0A75CB-C300-4DC4-83AD-8DFC1D272461}.Release|Any CPU.Build.0 = Release|Any CPU
		{E27B0BB1-0DC9-4741-8EFA-6E35F070F374}.Debug|Any CPU.ActiveCfg = Debug|Any CPU
		{E27B0BB1-0DC9-4741-8EFA-6E35F070F374}.Debug|Any CPU.Build.0 = Debug|Any CPU
		{E27B0BB1-0DC9-4741-8EFA-6E35F070F374}.Release|Any CPU.ActiveCfg = Release|Any CPU
		{E27B0BB1-0DC9-4741-8EFA-6E35F070F374}.Release|Any CPU.Build.0 = Release|Any CPU
		{E0505ECD-BFE1-4A14-BD79-CB1E7DC06850}.Debug|Any CPU.ActiveCfg = Debug|Any CPU
		{E0505ECD-BFE1-4A14-BD79-CB1E7DC06850}.Debug|Any CPU.Build.0 = Debug|Any CPU
		{E0505ECD-BFE1-4A14-BD79-CB1E7DC06850}.Release|Any CPU.ActiveCfg = Release|Any CPU
		{E0505ECD-BFE1-4A14-BD79-CB1E7DC06850}.Release|Any CPU.Build.0 = Release|Any CPU
		{3221CE55-B321-4AC6-88F2-5778CD9C5C71}.Debug|Any CPU.ActiveCfg = Debug|Any CPU
		{3221CE55-B321-4AC6-88F2-5778CD9C5C71}.Debug|Any CPU.Build.0 = Debug|Any CPU
		{3221CE55-B321-4AC6-88F2-5778CD9C5C71}.Release|Any CPU.ActiveCfg = Release|Any CPU
		{3221CE55-B321-4AC6-88F2-5778CD9C5C71}.Release|Any CPU.Build.0 = Release|Any CPU
		{6CAE0A09-12C2-450E-8418-0E921451BAA6}.Debug|Any CPU.ActiveCfg = Debug|Any CPU
		{6CAE0A09-12C2-450E-8418-0E921451BAA6}.Debug|Any CPU.Build.0 = Debug|Any CPU
		{6CAE0A09-12C2-450E-8418-0E921451BAA6}.Release|Any CPU.ActiveCfg = Release|Any CPU
		{6CAE0A09-12C2-450E-8418-0E921451BAA6}.Release|Any CPU.Build.0 = Release|Any CPU
	EndGlobalSection
	GlobalSection(SolutionProperties) = preSolution
		HideSolutionNode = FALSE
	EndGlobalSection
	GlobalSection(ExtensibilityGlobals) = postSolution
		SolutionGuid = {372A224F-8AD3-4557-BC94-0CA55F70B377}
	EndGlobalSection
EndGlobal
